Microsoft Visual Studio Solution File, Format Version 12.00
# Visual Studio Version 17
VisualStudioVersion = 17.5.2.0
MinimumVisualStudioVersion = 10.0.40219.1
Project("{FAE04EC0-301F-11D3-BF4B-00C04F79EFBC}") = "Num5Dis", "Num5Dis.csproj", "{9D4045CA-3C27-B2E7-7419-C8797A49B938}"
EndProject
Global
	GlobalSection(SolutionConfigurationPlatforms) = preSolution
		Debug|Any CPU = Debug|Any CPU
		Release|Any CPU = Release|Any CPU
	EndGlobalSection
	GlobalSection(ProjectConfigurationPlatforms) = postSolution
		{9D4045CA-3C27-B2E7-7419-C8797A49B938}.Debug|Any CPU.ActiveCfg = Debug|Any CPU
		{9D4045CA-3C27-B2E7-7419-C8797A49B938}.Debug|Any CPU.Build.0 = Debug|Any CPU
		{9D4045CA-3C27-B2E7-7419-C8797A49B938}.Release|Any CPU.ActiveCfg = Release|Any CPU
		{9D4045CA-3C27-B2E7-7419-C8797A49B938}.Release|Any CPU.Build.0 = Release|Any CPU
	EndGlobalSection
	GlobalSection(SolutionProperties) = preSolution
		HideSolutionNode = FALSE
	EndGlobalSection
	GlobalSection(ExtensibilityGlobals) = postSolution
		SolutionGuid = {5E2B65FD-8C5A-497A-986A-59463DE255D6}
	EndGlobalSection
EndGlobal
